
Microsoft Visual Studio Solution File, Format Version 12.00
# Visual Studio Version 17
VisualStudioVersion = 17.5.002.0
MinimumVisualStudioVersion = 10.0.40219.1
Project("{9A19103F-16F7-4668-BE54-9A1E7A4F7556}") = "TodoApi", "TodoApi.csproj", "{E177A4B0-0D8E-4BC7-997E-08656785B9D2}"
EndProject
Global
	GlobalSection(SolutionConfigurationPlatforms) = preSolution
		Debug|Any CPU = Debug|Any CPU
		Release|Any CPU = Release|Any CPU
	EndGlobalSection
	GlobalSection(ProjectConfigurationPlatforms) = postSolution
		{E177A4B0-0D8E-4BC7-997E-08656785B9D2}.Debug|Any CPU.ActiveCfg = Debug|Any CPU
		{E177A4B0-0D8E-4BC7-997E-08656785B9D2}.Debug|Any CPU.Build.0 = Debug|Any CPU
		{E177A4B0-0D8E-4BC7-997E-08656785B9D2}.Release|Any CPU.ActiveCfg = Release|Any CPU
		{E177A4B0-0D8E-4BC7-997E-08656785B9D2}.Release|Any CPU.Build.0 = Release|Any CPU
	EndGlobalSection
	GlobalSection(SolutionProperties) = preSolution
		HideSolutionNode = FALSE
	EndGlobalSection
	GlobalSection(ExtensibilityGlobals) = postSolution
		SolutionGuid = {B21EC744-077B-4B27-99C2-A6EC212FAE82}
	EndGlobalSection
EndGlobal
